{
  "name": "@makinteract/openai-chains",
  "version": "0.1.12",
  "lockfileVersion": 3,
  "requires": true,
  "packages": {
    "": {
      "name": "@makinteract/openai-chains",
      "version": "0.1.12",
      "license": "MIT",
      "dependencies": {
        "dotenv": "^16.4.5"
      },
      "devDependencies": {}
    },
    "../../.nvm/versions/node/v20.17.0/lib/node_modules/list": {
      "version": "2.0.19",
      "extraneous": true,
      "license": "MIT",
      "devDependencies": {
        "@types/chai": "^4.2.3",
        "@types/mocha": "^5.2.7",
        "@types/ramda": "^0.26.28",
        "babel-cli": "^6.26.0",
        "babel-core": "^6.26.3",
        "babel-plugin-annotate-pure-calls": "^0.4.0",
        "chai": "4.2.0",
        "cherry-pick": "^0.5.0",
        "codecov": "^3.6.1",
        "fast-check": "^1.17.0",
        "mocha": "^6.2.1",
        "np": "^5.1.0",
        "nyc": "^14.1.1",
        "prettier": "1.18.2",
        "proptest": "0.0.4",
        "ramda": "0.26.1",
        "source-map-support": "^0.5.13",
        "ts-node": "^8.4.1",
        "tslint": "^5.20.0",
        "typescript": "^3.6.3"
      }
    },
    "node_modules/dotenv": {
      "version": "16.4.5",
      "resolved": "https://registry.npmjs.org/dotenv/-/dotenv-16.4.5.tgz",
      "integrity": "sha512-ZmdL2rui+eB2YwhsWzjInR8LldtZHGDoQ1ugH85ppHKwpUHL7j7rN0Ti9NCnGiQbhaZ11FpR+7ao1dNsmduNUg==",
      "license": "BSD-2-Clause",
      "engines": {
        "node": ">=12"
      },
      "funding": {
        "url": "https://dotenvx.com"
      }
    }
  }
}
